
Microsoft Visual Studio Solution File, Format Version 12.00
# Visual Studio Version 16
VisualStudioVersion = 16.0.29409.12
MinimumVisualStudioVersion = 10.0.40219.1
Project("{9A19103F-16F7-4668-BE54-9A1E7A4F7556}") = "PizzaOrderApp", "PizzaOrderApp\PizzaOrderApp.csproj", "{14D5CCE9-B8A9-47BD-A666-21DC4212DC0F}"
EndProject
Project("{9A19103F-16F7-4668-BE54-9A1E7A4F7556}") = "PizzaOrderAPI", "PizzaOrderAPI\PizzaOrderAPI.csproj", "{E2A7F3D9-A7C2-469B-917D-CF8490637505}"
EndProject
Project("{9A19103F-16F7-4668-BE54-9A1E7A4F7556}") = "Layers.Models", "..\..\..\RevatureProject2\PizzaTut\Layers.Models\Layers.Models.csproj", "{67F3A4AC-94C2-423C-8D9D-6FB716603D74}"
EndProject
Global
	GlobalSection(SolutionConfigurationPlatforms) = preSolution
		Debug|Any CPU = Debug|Any CPU
		Release|Any CPU = Release|Any CPU
	EndGlobalSection
	GlobalSection(ProjectConfigurationPlatforms) = postSolution
		{14D5CCE9-B8A9-47BD-A666-21DC4212DC0F}.Debug|Any CPU.ActiveCfg = Debug|Any CPU
		{14D5CCE9-B8A9-47BD-A666-21DC4212DC0F}.Debug|Any CPU.Build.0 = Debug|Any CPU
		{14D5CCE9-B8A9-47BD-A666-21DC4212DC0F}.Release|Any CPU.ActiveCfg = Release|Any CPU
		{14D5CCE9-B8A9-47BD-A666-21DC4212DC0F}.Release|Any CPU.Build.0 = Release|Any CPU
		{E2A7F3D9-A7C2-469B-917D-CF8490637505}.Debug|Any CPU.ActiveCfg = Debug|Any CPU
		{E2A7F3D9-A7C2-469B-917D-CF8490637505}.Debug|Any CPU.Build.0 = Debug|Any CPU
		{E2A7F3D9-A7C2-469B-917D-CF8490637505}.Release|Any CPU.ActiveCfg = Release|Any CPU
		{E2A7F3D9-A7C2-469B-917D-CF8490637505}.Release|Any CPU.Build.0 = Release|Any CPU
		{67F3A4AC-94C2-423C-8D9D-6FB716603D74}.Debug|Any CPU.ActiveCfg = Debug|Any CPU
		{67F3A4AC-94C2-423C-8D9D-6FB716603D74}.Debug|Any CPU.Build.0 = Debug|Any CPU
		{67F3A4AC-94C2-423C-8D9D-6FB716603D74}.Release|Any CPU.ActiveCfg = Release|Any CPU
		{67F3A4AC-94C2-423C-8D9D-6FB716603D74}.Release|Any CPU.Build.0 = Release|Any CPU
	EndGlobalSection
	GlobalSection(SolutionProperties) = preSolution
		HideSolutionNode = FALSE
	EndGlobalSection
	GlobalSection(ExtensibilityGlobals) = postSolution
		SolutionGuid = {230D3F48-C328-43D5-8788-3D43D5F2A379}
	EndGlobalSection
EndGlobal
